// !$*UTF8*$!
{
	archiveVersion = 1;
	classes = {
	};
	objectVersion = 48;
	objects = {

/* Begin PBXBuildFile section */
		6AAF9AE009B58A1CF877ECAA /* libPods-MPOProgressBar-iOS.a in Frameworks */ = {isa = PBXBuildFile; fileRef = 3412B1DE7936156FAFF0F11C /* libPods-MPOProgressBar-iOS.a */; };
		C68C6C231FE8E4C400BB2CAF /* AppDelegate.m in Sources */ = {isa = PBXBuildFile; fileRef = C68C6C221FE8E4C400BB2CAF /* AppDelegate.m */; };
		C68C6C261FE8E4C400BB2CAF /* ViewController.m in Sources */ = {isa = PBXBuildFile; fileRef = C68C6C251FE8E4C400BB2CAF /* ViewController.m */; };
		C68C6C291FE8E4C400BB2CAF /* Main.storyboard in Resources */ = {isa = PBXBuildFile; fileRef = C68C6C271FE8E4C400BB2CAF /* Main.storyboard */; };
		C68C6C2B1FE8E4C400BB2CAF /* Assets.xcassets in Resources */ = {isa = PBXBuildFile; fileRef = C68C6C2A1FE8E4C400BB2CAF /* Assets.xcassets */; };
		C68C6C2E1FE8E4C400BB2CAF /* LaunchScreen.storyboard in Resources */ = {isa = PBXBuildFile; fileRef = C68C6C2C1FE8E4C400BB2CAF /* LaunchScreen.storyboard */; };
		C68C6C311FE8E4C400BB2CAF /* main.m in Sources */ = {isa = PBXBuildFile; fileRef = C68C6C301FE8E4C400BB2CAF /* main.m */; };
/* End PBXBuildFile section */

/* Begin PBXFileReference section */
		3412B1DE7936156FAFF0F11C /* libPods-MPOProgressBar-iOS.a */ = {isa = PBXFileReference; explicitFileType = archive.ar; includeInIndex = 0; path = "libPods-MPOProgressBar-iOS.a"; sourceTree = BUILT_PRODUCTS_DIR; };
		544E10D6598027A6B24AF36E /* Pods-MPOProgressBar-iOS.debug.xcconfig */ = {isa = PBXFileReference; includeInIndex = 1; lastKnownFileType = text.xcconfig; name = "Pods-MPOProgressBar-iOS.debug.xcconfig"; path = "Pods/Target Support Files/Pods-MPOProgressBar-iOS/Pods-MPOProgressBar-iOS.debug.xcconfig"; sourceTree = "<group>"; };
		77EAC3A91C0B68A37BA3EB10 /* Pods-MPOProgressBar-iOS.release.xcconfig */ = {isa = PBXFileReference; includeInIndex = 1; lastKnownFileType = text.xcconfig; name = "Pods-MPOProgressBar-iOS.release.xcconfig"; path = "Pods/Target Support Files/Pods-MPOProgressBar-iOS/Pods-MPOProgressBar-iOS.release.xcconfig"; sourceTree = "<group>"; };
		C68C6C1E1FE8E4C400BB2CAF /* MPOProgressBar-iOS.app */ = {isa = PBXFileReference; explicitFileType = wrapper.application; includeInIndex = 0; path = "MPOProgressBar-iOS.app"; sourceTree = BUILT_PRODUCTS_DIR; };
		C68C6C211FE8E4C400BB2CAF /* AppDelegate.h */ = {isa = PBXFileReference; lastKnownFileType = sourcecode.c.h; path = AppDelegate.h; sourceTree = "<group>"; };
		C68C6C221FE8E4C400BB2CAF /* AppDelegate.m */ = {isa = PBXFileReference; lastKnownFileType = sourcecode.c.objc; path = AppDelegate.m; sourceTree = "<group>"; };
		C68C6C241FE8E4C400BB2CAF /* ViewController.h */ = {isa = PBXFileReference; lastKnownFileType = sourcecode.c.h; path = ViewController.h; sourceTree = "<group>"; };
		C68C6C251FE8E4C400BB2CAF /* ViewController.m */ = {isa = PBXFileReference; lastKnownFileType = sourcecode.c.objc; path = ViewController.m; sourceTree = "<group>"; };
		C68C6C281FE8E4C400BB2CAF /* Base */ = {isa = PBXFileReference; lastKnownFileType = file.storyboard; name = Base; path = Base.lproj/Main.storyboard; sourceTree = "<group>"; };
		C68C6C2A1FE8E4C400BB2CAF /* Assets.xcassets */ = {isa = PBXFileReference; lastKnownFileType = folder.assetcatalog; path = Assets.xcassets; sourceTree = "<group>"; };
		C68C6C2D1FE8E4C400BB2CAF /* Base */ = {isa = PBXFileReference; lastKnownFileType = file.storyboard; name = Base; path = Base.lproj/LaunchScreen.storyboard; sourceTree = "<group>"; };
		C68C6C2F1FE8E4C400BB2CAF /* Info.plist */ = {isa = PBXFileReference; lastKnownFileType = text.plist.xml; path = Info.plist; sourceTree = "<group>"; };
		C68C6C301FE8E4C400BB2CAF /* main.m */ = {isa = PBXFileReference; lastKnownFileType = sourcecode.c.objc; path = main.m; sourceTree = "<group>"; };
/* End PBXFileReference section */

/* Begin PBXFrameworksBuildPhase section */
		C68C6C1B1FE8E4C400BB2CAF /* Frameworks */ = {
			isa = PBXFrameworksBuildPhase;
			buildActionMask = 2147483647;
			files = (
				6AAF9AE009B58A1CF877ECAA /* libPods-MPOProgressBar-iOS.a in Frameworks */,
			);
			runOnlyForDeploymentPostprocessing = 0;
		};
/* End PBXFrameworksBuildPhase section */

/* Begin PBXGroup section */
		67FF6E7A8EE43933BA10031D /* Pods */ = {
			isa = PBXGroup;
			children = (
				544E10D6598027A6B24AF36E /* Pods-MPOProgressBar-iOS.debug.xcconfig */,
				77EAC3A91C0B68A37BA3EB10 /* Pods-MPOProgressBar-iOS.release.xcconfig */,
			);
			name = Pods;
			sourceTree = "<group>";
		};
		B300944F3896DEE98DA6124E /* Frameworks */ = {
			isa = PBXGroup;
			children = (
				3412B1DE7936156FAFF0F11C /* libPods-MPOProgressBar-iOS.a */,
			);
			name = Frameworks;
			sourceTree = "<group>";
		};
		C68C6C151FE8E4C400BB2CAF = {
			isa = PBXGroup;
			children = (
				C68C6C201FE8E4C400BB2CAF /* MPOProgressBar-iOS */,
				C68C6C1F1FE8E4C400BB2CAF /* Products */,
				67FF6E7A8EE43933BA10031D /* Pods */,
				B300944F3896DEE98DA6124E /* Frameworks */,
			);
			sourceTree = "<group>";
		};
		C68C6C1F1FE8E4C400BB2CAF /* Products */ = {
			isa = PBXGroup;
			children = (
				C68C6C1E1FE8E4C400BB2CAF /* MPOProgressBar-iOS.app */,
			);
			name = Products;
			sourceTree = "<group>";
		};
		C68C6C201FE8E4C400BB2CAF /* MPOProgressBar-iOS */ = {
			isa = PBXGroup;
			children = (
				C68C6C211FE8E4C400BB2CAF /* AppDelegate.h */,
				C68C6C221FE8E4C400BB2CAF /* AppDelegate.m */,
				C68C6C241FE8E4C400BB2CAF /* ViewController.h */,
				C68C6C251FE8E4C400BB2CAF /* ViewController.m */,
				C68C6C271FE8E4C400BB2CAF /* Main.storyboard */,
				C68C6C2A1FE8E4C400BB2CAF /* Assets.xcassets */,
				C68C6C2C1FE8E4C400BB2CAF /* LaunchScreen.storyboard */,
				C68C6C2F1FE8E4C400BB2CAF /* Info.plist */,
				C68C6C301FE8E4C400BB2CAF /* main.m */,
			);
			path = "MPOProgressBar-iOS";
			sourceTree = "<group>";
		};
/* End PBXGroup section */

/* Begin PBXNativeTarget section */
		C68C6C1D1FE8E4C400BB2CAF /* MPOProgressBar-iOS */ = {
			isa = PBXNativeTarget;
			buildConfigurationList = C68C6C341FE8E4C400BB2CAF /* Build configuration list for PBXNativeTarget "MPOProgressBar-iOS" */;
			buildPhases = (
				4FB77DC53DD05BBF23FE6DBC /* [CP] Check Pods Manifest.lock */,
				C68C6C1A1FE8E4C400BB2CAF /* Sources */,
				C68C6C1B1FE8E4C400BB2CAF /* Frameworks */,
				C68C6C1C1FE8E4C400BB2CAF /* Resources */,
				DBCE62285E3965EB9E3EF581 /* [CP] Embed Pods Frameworks */,
				7EC56AF49CC872E2A0077FB1 /* [CP] Copy Pods Resources */,
			);
			buildRules = (
			);
			dependencies = (
			);
			name = "MPOProgressBar-iOS";
			productName = "MPOProgressBar-iOS";
			productReference = C68C6C1E1FE8E4C400BB2CAF /* MPOProgressBar-iOS.app */;
			productType = "com.apple.product-type.application";
		};
/* End PBXNativeTarget section */

/* Begin PBXProject section */
		C68C6C161FE8E4C400BB2CAF /* Project object */ = {
			isa = PBXProject;
			attributes = {
				LastUpgradeCheck = 0920;
				ORGANIZATIONNAME = wutian;
				TargetAttributes = {
					C68C6C1D1FE8E4C400BB2CAF = {
						CreatedOnToolsVersion = 9.2;
						ProvisioningStyle = Automatic;
					};
				};
			};
			buildConfigurationList = C68C6C191FE8E4C400BB2CAF /* Build configuration list for PBXProject "MPOProgressBar-iOS" */;
			compatibilityVersion = "Xcode 8.0";
			developmentRegion = en;
			hasScannedForEncodings = 0;
			knownRegions = (
				en,
				Base,
			);
			mainGroup = C68C6C151FE8E4C400BB2CAF;
			productRefGroup = C68C6C1F1FE8E4C400BB2CAF /* Products */;
			projectDirPath = "";
			projectRoot = "";
			targets = (
				C68C6C1D1FE8E4C400BB2CAF /* MPOProgressBar-iOS */,
			);
		};
/* End PBXProject section */

/* Begin PBXResourcesBuildPhase section */
		C68C6C1C1FE8E4C400BB2CAF /* Resources */ = {
			isa = PBXResourcesBuildPhase;
			buildActionMask = 2147483647;
			files = (
				C68C6C2E1FE8E4C400BB2CAF /* LaunchScreen.storyboard in Resources */,
				C68C6C2B1FE8E4C400BB2CAF /* Assets.xcassets in Resources */,
				C68C6C291FE8E4C400BB2CAF /* Main.storyboard in Resources */,
			);
			runOnlyForDeploymentPostprocessing = 0;
		};
/* End PBXResourcesBuildPhase section */

/* Begin PBXShellScriptBuildPhase section */
		4FB77DC53DD05BBF23FE6DBC /* [CP] Check Pods Manifest.lock */ = {
			isa = PBXShellScriptBuildPhase;
			buildActionMask = 2147483647;
			files = (
			);
			inputPaths = (
			);
			name = "[CP] Check Pods Manifest.lock";
			outputPaths = (
			);
			runOnlyForDeploymentPostprocessing = 0;
			shellPath = /bin/sh;
			shellScript = "diff \"${PODS_ROOT}/../Podfile.lock\" \"${PODS_ROOT}/Manifest.lock\" > /dev/null\nif [ $? != 0 ] ; then\n    # print error to STDERR\n    echo \"error: The sandbox is not in sync with the Podfile.lock. Run 'pod install' or update your CocoaPods installation.\" >&2\n    exit 1\nfi\n";
			showEnvVarsInLog = 0;
		};
		7EC56AF49CC872E2A0077FB1 /* [CP] Copy Pods Resources */ = {
			isa = PBXShellScriptBuildPhase;
			buildActionMask = 2147483647;
			files = (
			);
			inputPaths = (
			);
			name = "[CP] Copy Pods Resources";
			outputPaths = (
			);
			runOnlyForDeploymentPostprocessing = 0;
			shellPath = /bin/sh;
			shellScript = "\"${SRCROOT}/Pods/Target Support Files/Pods-MPOProgressBar-iOS/Pods-MPOProgressBar-iOS-resources.sh\"\n";
			showEnvVarsInLog = 0;
		};
		DBCE62285E3965EB9E3EF581 /* [CP] Embed Pods Frameworks */ = {
			isa = PBXShellScriptBuildPhase;
			buildActionMask = 2147483647;
			files = (
			);
			inputPaths = (
			);
			name = "[CP] Embed Pods Frameworks";
			outputPaths = (
			);
			runOnlyForDeploymentPostprocessing = 0;
			shellPath = /bin/sh;
			shellScript = "\"${SRCROOT}/Pods/Target Support Files/Pods-MPOProgressBar-iOS/Pods-MPOProgressBar-iOS-frameworks.sh\"\n";
			showEnvVarsInLog = 0;
		};
/* End PBXShellScriptBuildPhase section */

/* Begin PBXSourcesBuildPhase section */
		C68C6C1A1FE8E4C400BB2CAF /* Sources */ = {
			isa = PBXSourcesBuildPhase;
			buildActionMask = 2147483647;
			files = (
				C68C6C261FE8E4C400BB2CAF /* ViewController.m in Sources */,
				C68C6C311FE8E4C400BB2CAF /* main.m in Sources */,
				C68C6C231FE8E4C400BB2CAF /* AppDelegate.m in Sources */,
			);
			runOnlyForDeploymentPostprocessing = 0;
		};
/* End PBXSourcesBuildPhase section */

/* Begin PBXVariantGroup section */
		C68C6C271FE8E4C400BB2CAF /* Main.storyboard */ = {
			isa = PBXVariantGroup;
			children = (
				C68C6C281FE8E4C400BB2CAF /* Base */,
			);
			name = Main.storyboard;
			sourceTree = "<group>";
		};
		C68C6C2C1FE8E4C400BB2CAF /* LaunchScreen.storyboard */ = {
			isa = PBXVariantGroup;
			children = (
				C68C6C2D1FE8E4C400BB2CAF /* Base */,
			);
			name = LaunchScreen.storyboard;
			sourceTree = "<group>";
		};
/* End PBXVariantGroup section */

/* Begin XCBuildConfiguration section */
		C68C6C321FE8E4C400BB2CAF /* Debug */ = {
			isa = XCBuildConfiguration;
			buildSettings = {
				ALWAYS_SEARCH_USER_PATHS = NO;
				CLANG_ANALYZER_NONNULL = YES;
				CLANG_ANALYZER_NUMBER_OBJECT_CONVERSION = YES_AGGRESSIVE;
				CLANG_CXX_LANGUAGE_STANDARD = "gnu++14";
				CLANG_CXX_LIBRARY = "libc++";
				CLANG_ENABLE_MODULES = YES;
				CLANG_ENABLE_OBJC_ARC = YES;
				CLANG_WARN_BLOCK_CAPTURE_AUTORELEASING = YES;
				CLANG_WARN_BOOL_CONVERSION = YES;
				CLANG_WARN_COMMA = YES;
				CLANG_WARN_CONSTANT_CONVERSION = YES;
				CLANG_WARN_DIRECT_OBJC_ISA_USAGE = YES_ERROR;
				CLANG_WARN_DOCUMENTATION_COMMENTS = YES;
				CLANG_WARN_EMPTY_BODY = YES;
				CLANG_WARN_ENUM_CONVERSION = YES;
				CLANG_WARN_INFINITE_RECURSION = YES;
				CLANG_WARN_INT_CONVERSION = YES;
				CLANG_WARN_NON_LITERAL_NULL_CONVERSION = YES;
				CLANG_WARN_OBJC_LITERAL_CONVERSION = YES;
				CLANG_WARN_OBJC_ROOT_CLASS = YES_ERROR;
				CLANG_WARN_RANGE_LOOP_ANALYSIS = YES;
				CLANG_WARN_STRICT_PROTOTYPES = YES;
				CLANG_WARN_SUSPICIOUS_MOVE = YES;
				CLANG_WARN_UNGUARDED_AVAILABILITY = YES_AGGRESSIVE;
				CLANG_WARN_UNREACHABLE_CODE = YES;
				CLANG_WARN__DUPLICATE_METHOD_MATCH = YES;
				CODE_SIGN_IDENTITY = "iPhone Developer";
				COPY_PHASE_STRIP = NO;
				DEBUG_INFORMATION_FORMAT = dwarf;
				ENABLE_STRICT_OBJC_MSGSEND = YES;
				ENABLE_TESTABILITY = YES;
				GCC_C_LANGUAGE_STANDARD = gnu11;
				GCC_DYNAMIC_NO_PIC = NO;
				GCC_NO_COMMON_BLOCKS = YES;
				GCC_OPTIMIZATION_LEVEL = 0;
				GCC_PREPROCESSOR_DEFINITIONS = (
					"DEBUG=1",
					"$(inherited)",
				);
				GCC_WARN_64_TO_32_BIT_CONVERSION = YES;
				GCC_WARN_ABOUT_RETURN_TYPE = YES_ERROR;
				GCC_WARN_UNDECLARED_SELECTOR = YES;
				GCC_WARN_UNINITIALIZED_AUTOS = YES_AGGRESSIVE;
				GCC_WARN_UNUSED_FUNCTION = YES;
				GCC_WARN_UNUSED_VARIABLE = YES;
				IPHONEOS_DEPLOYMENT_TARGET = 11.2;
				MTL_ENABLE_DEBUG_INFO = YES;
				ONLY_ACTIVE_ARCH = YES;
				SDKROOT = iphoneos;
			};
			name = Debug;
		};
		C68C6C331FE8E4C400BB2CAF /* Release */ = {
			isa = XCBuildConfiguration;
			buildSettings = {
				ALWAYS_SEARCH_USER_PATHS = NO;
				CLANG_ANALYZER_NONNULL = YES;
				CLANG_ANALYZER_NUMBER_OBJECT_CONVERSION = YES_AGGRESSIVE;
				CLANG_CXX_LANGUAGE_STANDARD = "gnu++14";
				CLANG_CXX_LIBRARY = "libc++";
				CLANG_ENABLE_MODULES = YES;
				CLANG_ENABLE_OBJC_ARC = YES;
				CLANG_WARN_BLOCK_CAPTURE_AUTORELEASING = YES;
				CLANG_WARN_BOOL_CONVERSION = YES;
				CLANG_WARN_COMMA = YES;
				CLANG_WARN_CONSTANT_CONVERSION = YES;
				CLANG_WARN_DIRECT_OBJC_ISA_USAGE = YES_ERROR;
				CLANG_WARN_DOCUMENTATION_COMMENTS = YES;
				CLANG_WARN_EMPTY_BODY = YES;
				CLANG_WARN_ENUM_CONVERSION = YES;
				CLANG_WARN_INFINITE_RECURSION = YES;
				CLANG_WARN_INT_CONVERSION = YES;
				CLANG_WARN_NON_LITERAL_NULL_CONVERSION = YES;
				CLANG_WARN_OBJC_LITERAL_CONVERSION = YES;
				CLANG_WARN_OBJC_ROOT_CLASS = YES_ERROR;
				CLANG_WARN_RANGE_LOOP_ANALYSIS = YES;
				CLANG_WARN_STRICT_PROTOTYPES = YES;
				CLANG_WARN_SUSPICIOUS_MOVE = YES;
				CLANG_WARN_UNGUARDED_AVAILABILITY = YES_AGGRESSIVE;
				CLANG_WARN_UNREACHABLE_CODE = YES;
				CLANG_WARN__DUPLICATE_METHOD_MATCH = YES;
				CODE_SIGN_IDENTITY = "iPhone Developer";
				COPY_PHASE_STRIP = NO;
				DEBUG_INFORMATION_FORMAT = "dwarf-with-dsym";
				ENABLE_NS_ASSERTIONS = NO;
				ENABLE_STRICT_OBJC_MSGSEND = YES;
				GCC_C_LANGUAGE_STANDARD = gnu11;
				GCC_NO_COMMON_BLOCKS = YES;
				GCC_WARN_64_TO_32_BIT_CONVERSION = YES;
				GCC_WARN_ABOUT_RETURN_TYPE = YES_ERROR;
				GCC_WARN_UNDECLARED_SELECTOR = YES;
				GCC_WARN_UNINITIALIZED_AUTOS = YES_AGGRESSIVE;
				GCC_WARN_UNUSED_FUNCTION = YES;
				GCC_WARN_UNUSED_VARIABLE = YES;
				IPHONEOS_DEPLOYMENT_TARGET = 11.2;
				MTL_ENABLE_DEBUG_INFO = NO;
				SDKROOT = iphoneos;
				VALIDATE_PRODUCT = YES;
			};
			name = Release;
		};
		C68C6C351FE8E4C400BB2CAF /* Debug */ = {
			isa = XCBuildConfiguration;
			baseConfigurationReference = 544E10D6598027A6B24AF36E /* Pods-MPOProgressBar-iOS.debug.xcconfig */;
			buildSettings = {
				ASSETCATALOG_COMPILER_APPICON_NAME = AppIcon;
				CODE_SIGN_STYLE = Automatic;
				DEVELOPMENT_TEAM = DMJXDB9H6Q;
				INFOPLIST_FILE = "MPOProgressBar-iOS/Info.plist";
				LD_RUNPATH_SEARCH_PATHS = "$(inherited) @executable_path/Frameworks";
				PRODUCT_BUNDLE_IDENTIFIER = "com.wutian.MPOProgressBar-iOS";
				PRODUCT_NAME = "$(TARGET_NAME)";
				TARGETED_DEVICE_FAMILY = "1,2";
			};
			name = Debug;
		};
		C68C6C361FE8E4C400BB2CAF /* Release */ = {
			isa = XCBuildConfiguration;
			baseConfigurationReference = 77EAC3A91C0B68A37BA3EB10 /* Pods-MPOProgressBar-iOS.release.xcconfig */;
			buildSettings = {
				ASSETCATALOG_COMPILER_APPICON_NAME = AppIcon;
				CODE_SIGN_STYLE = Automatic;
				DEVELOPMENT_TEAM = DMJXDB9H6Q;
				INFOPLIST_FILE = "MPOProgressBar-iOS/Info.plist";
				LD_RUNPATH_SEARCH_PATHS = "$(inherited) @executable_path/Frameworks";
				PRODUCT_BUNDLE_IDENTIFIER = "com.wutian.MPOProgressBar-iOS";
				PRODUCT_NAME = "$(TARGET_NAME)";
				TARGETED_DEVICE_FAMILY = "1,2";
			};
			name = Release;
		};
/* End XCBuildConfiguration section */

/* Begin XCConfigurationList section */
		C68C6C191FE8E4C400BB2CAF /* Build configuration list for PBXProject "MPOProgressBar-iOS" */ = {
			isa = XCConfigurationList;
			buildConfigurations = (
				C68C6C321FE8E4C400BB2CAF /* Debug */,
				C68C6C331FE8E4C400BB2CAF /* Release */,
			);
			defaultConfigurationIsVisible = 0;
			defaultConfigurationName = Release;
		};
		C68C6C341FE8E4C400BB2CAF /* Build configuration list for PBXNativeTarget "MPOProgressBar-iOS" */ = {
			isa = XCConfigurationList;
			buildConfigurations = (
				C68C6C351FE8E4C400BB2CAF /* Debug */,
				C68C6C361FE8E4C400BB2CAF /* Release */,
			);
			defaultConfigurationIsVisible = 0;
			defaultConfigurationName = Release;
		};
/* End XCConfigurationList section */
	};
	rootObject = C68C6C161FE8E4C400BB2CAF /* Project object */;
}
